// !$*UTF8*$!
{
	archiveVersion = 1;
	classes = {
	};
	objectVersion = 46;
	objects = {

/* Begin PBXBuildFile section */
		F1278CB3202A7B850090DC1B /* AboutViewController.swift in Sources */ = {isa = PBXBuildFile; fileRef = F1278CB2202A7B850090DC1B /* AboutViewController.swift */; };
		F19CEA02202A893B005677FF /* BullsEye.html in Resources */ = {isa = PBXBuildFile; fileRef = F19CEA01202A893B005677FF /* BullsEye.html */; };
		F1A3C90B2024AB08004E8912 /* AppDelegate.swift in Sources */ = {isa = PBXBuildFile; fileRef = F1A3C90A2024AB08004E8912 /* AppDelegate.swift */; };
		F1A3C90D2024AB08004E8912 /* ViewController.swift in Sources */ = {isa = PBXBuildFile; fileRef = F1A3C90C2024AB08004E8912 /* ViewController.swift */; };
		F1A3C9102024AB08004E8912 /* Main.storyboard in Resources */ = {isa = PBXBuildFile; fileRef = F1A3C90E2024AB08004E8912 /* Main.storyboard */; };
		F1A3C9122024AB08004E8912 /* Assets.xcassets in Resources */ = {isa = PBXBuildFile; fileRef = F1A3C9112024AB08004E8912 /* Assets.xcassets */; };
		F1A3C9152024AB08004E8912 /* LaunchScreen.storyboard in Resources */ = {isa = PBXBuildFile; fileRef = F1A3C9132024AB08004E8912 /* LaunchScreen.storyboard */; };
/* End PBXBuildFile section */

/* Begin PBXFileReference section */
		F1278CB2202A7B850090DC1B /* AboutViewController.swift */ = {isa = PBXFileReference; fileEncoding = 4; lastKnownFileType = sourcecode.swift; path = AboutViewController.swift; sourceTree = "<group>"; };
		F19CEA01202A893B005677FF /* BullsEye.html */ = {isa = PBXFileReference; fileEncoding = 4; lastKnownFileType = text.html; path = BullsEye.html; sourceTree = "<group>"; };
		F1A3C9072024AB08004E8912 /* BullsEye.app */ = {isa = PBXFileReference; explicitFileType = wrapper.application; includeInIndex = 0; path = BullsEye.app; sourceTree = BUILT_PRODUCTS_DIR; };
		F1A3C90A2024AB08004E8912 /* AppDelegate.swift */ = {isa = PBXFileReference; lastKnownFileType = sourcecode.swift; path = AppDelegate.swift; sourceTree = "<group>"; };
		F1A3C90C2024AB08004E8912 /* ViewController.swift */ = {isa = PBXFileReference; lastKnownFileType = sourcecode.swift; path = ViewController.swift; sourceTree = "<group>"; };
		F1A3C90F2024AB08004E8912 /* Base */ = {isa = PBXFileReference; lastKnownFileType = file.storyboard; name = Base; path = Base.lproj/Main.storyboard; sourceTree = "<group>"; };
		F1A3C9112024AB08004E8912 /* Assets.xcassets */ = {isa = PBXFileReference; lastKnownFileType = folder.assetcatalog; path = Assets.xcassets; sourceTree = "<group>"; };
		F1A3C9142024AB08004E8912 /* Base */ = {isa = PBXFileReference; lastKnownFileType = file.storyboard; name = Base; path = Base.lproj/LaunchScreen.storyboard; sourceTree = "<group>"; };
		F1A3C9162024AB08004E8912 /* Info.plist */ = {isa = PBXFileReference; lastKnownFileType = text.plist.xml; path = Info.plist; sourceTree = "<group>"; };
/* End PBXFileReference section */

/* Begin PBXFrameworksBuildPhase section */
		F1A3C9042024AB07004E8912 /* Frameworks */ = {
			isa = PBXFrameworksBuildPhase;
			buildActionMask = 2147483647;
			files = (
			);
			runOnlyForDeploymentPostprocessing = 0;
		};
/* End PBXFrameworksBuildPhase section */

/* Begin PBXGroup section */
		F1A3C8FE2024AB07004E8912 = {
			isa = PBXGroup;
			children = (
				F1A3C9092024AB08004E8912 /* BullsEye */,
				F1A3C9082024AB08004E8912 /* Products */,
			);
			sourceTree = "<group>";
		};
		F1A3C9082024AB08004E8912 /* Products */ = {
			isa = PBXGroup;
			children = (
				F1A3C9072024AB08004E8912 /* BullsEye.app */,
			);
			name = Products;
			sourceTree = "<group>";
		};
		F1A3C9092024AB08004E8912 /* BullsEye */ = {
			isa = PBXGroup;
			children = (
				F19CEA01202A893B005677FF /* BullsEye.html */,
				F1A3C90A2024AB08004E8912 /* AppDelegate.swift */,
				F1A3C90C2024AB08004E8912 /* ViewController.swift */,
				F1A3C90E2024AB08004E8912 /* Main.storyboard */,
				F1278CB2202A7B850090DC1B /* AboutViewController.swift */,
				F1A3C9112024AB08004E8912 /* Assets.xcassets */,
				F1A3C9132024AB08004E8912 /* LaunchScreen.storyboard */,
				F1A3C9162024AB08004E8912 /* Info.plist */,
			);
			path = BullsEye;
			sourceTree = "<group>";
		};
/* End PBXGroup section */

/* Begin PBXNativeTarget section */
		F1A3C9062024AB07004E8912 /* BullsEye */ = {
			isa = PBXNativeTarget;
			buildConfigurationList = F1A3C9192024AB08004E8912 /* Build configuration list for PBXNativeTarget "BullsEye" */;
			buildPhases = (
				F1A3C9032024AB07004E8912 /* Sources */,
				F1A3C9042024AB07004E8912 /* Frameworks */,
				F1A3C9052024AB07004E8912 /* Resources */,
			);
			buildRules = (
			);
			dependencies = (
			);
			name = BullsEye;
			productName = BullsEye;
			productReference = F1A3C9072024AB08004E8912 /* BullsEye.app */;
			productType = "com.apple.product-type.application";
		};
/* End PBXNativeTarget section */

/* Begin PBXProject section */
		F1A3C8FF2024AB07004E8912 /* Project object */ = {
			isa = PBXProject;
			attributes = {
				LastSwiftUpdateCheck = 0800;
				LastUpgradeCheck = 0800;
				ORGANIZATIONNAME = "Henngel Mojica";
				TargetAttributes = {
					F1A3C9062024AB07004E8912 = {
						CreatedOnToolsVersion = 8.0;
						DevelopmentTeam = QM2D37J8AA;
						ProvisioningStyle = Automatic;
					};
				};
			};
			buildConfigurationList = F1A3C9022024AB07004E8912 /* Build configuration list for PBXProject "BullsEye" */;
			compatibilityVersion = "Xcode 3.2";
			developmentRegion = English;
			hasScannedForEncodings = 0;
			knownRegions = (
				en,
				Base,
			);
			mainGroup = F1A3C8FE2024AB07004E8912;
			productRefGroup = F1A3C9082024AB08004E8912 /* Products */;
			projectDirPath = "";
			projectRoot = "";
			targets = (
				F1A3C9062024AB07004E8912 /* BullsEye */,
			);
		};
/* End PBXProject section */

/* Begin PBXResourcesBuildPhase section */
		F1A3C9052024AB07004E8912 /* Resources */ = {
			isa = PBXResourcesBuildPhase;
			buildActionMask = 2147483647;
			files = (
				F1A3C9152024AB08004E8912 /* LaunchScreen.storyboard in Resources */,
				F19CEA02202A893B005677FF /* BullsEye.html in Resources */,
				F1A3C9122024AB08004E8912 /* Assets.xcassets in Resources */,
				F1A3C9102024AB08004E8912 /* Main.storyboard in Resources */,
			);
			runOnlyForDeploymentPostprocessing = 0;
		};
/* End PBXResourcesBuildPhase section */

/* Begin PBXSourcesBuildPhase section */
		F1A3C9032024AB07004E8912 /* Sources */ = {
			isa = PBXSourcesBuildPhase;
			buildActionMask = 2147483647;
			files = (
				F1278CB3202A7B850090DC1B /* AboutViewController.swift in Sources */,
				F1A3C90D2024AB08004E8912 /* ViewController.swift in Sources */,
				F1A3C90B2024AB08004E8912 /* AppDelegate.swift in Sources */,
			);
			runOnlyForDeploymentPostprocessing = 0;
		};
/* End PBXSourcesBuildPhase section */

/* Begin PBXVariantGroup section */
		F1A3C90E2024AB08004E8912 /* Main.storyboard */ = {
			isa = PBXVariantGroup;
			children = (
				F1A3C90F2024AB08004E8912 /* Base */,
			);
			name = Main.storyboard;
			sourceTree = "<group>";
		};
		F1A3C9132024AB08004E8912 /* LaunchScreen.storyboard */ = {
			isa = PBXVariantGroup;
			children = (
				F1A3C9142024AB08004E8912 /* Base */,
			);
			name = LaunchScreen.storyboard;
			sourceTree = "<group>";
		};
/* End PBXVariantGroup section */

/* Begin XCBuildConfiguration section */
		F1A3C9172024AB08004E8912 /* Debug */ = {
			isa = XCBuildConfiguration;
			buildSettings = {
				ALWAYS_SEARCH_USER_PATHS = NO;
				CLANG_ANALYZER_NONNULL = YES;
				CLANG_CXX_LANGUAGE_STANDARD = "gnu++0x";
				CLANG_CXX_LIBRARY = "libc++";
				CLANG_ENABLE_MODULES = YES;
				CLANG_ENABLE_OBJC_ARC = YES;
				CLANG_WARN_BOOL_CONVERSION = YES;
				CLANG_WARN_CONSTANT_CONVERSION = YES;
				CLANG_WARN_DIRECT_OBJC_ISA_USAGE = YES_ERROR;
				CLANG_WARN_DOCUMENTATION_COMMENTS = YES;
				CLANG_WARN_EMPTY_BODY = YES;
				CLANG_WARN_ENUM_CONVERSION = YES;
				CLANG_WARN_INFINITE_RECURSION = YES;
				CLANG_WARN_INT_CONVERSION = YES;
				CLANG_WARN_OBJC_ROOT_CLASS = YES_ERROR;
				CLANG_WARN_SUSPICIOUS_MOVES = YES;
				CLANG_WARN_UNREACHABLE_CODE = YES;
				CLANG_WARN__DUPLICATE_METHOD_MATCH = YES;
				"CODE_SIGN_IDENTITY[sdk=iphoneos*]" = "iPhone Developer";
				COPY_PHASE_STRIP = NO;
				DEBUG_INFORMATION_FORMAT = dwarf;
				ENABLE_STRICT_OBJC_MSGSEND = YES;
				ENABLE_TESTABILITY = YES;
				GCC_C_LANGUAGE_STANDARD = gnu99;
				GCC_DYNAMIC_NO_PIC = NO;
				GCC_NO_COMMON_BLOCKS = YES;
				GCC_OPTIMIZATION_LEVEL = 0;
				GCC_PREPROCESSOR_DEFINITIONS = (
					"DEBUG=1",
					"$(inherited)",
				);
				GCC_WARN_64_TO_32_BIT_CONVERSION = YES;
				GCC_WARN_ABOUT_RETURN_TYPE = YES_ERROR;
				GCC_WARN_UNDECLARED_SELECTOR = YES;
				GCC_WARN_UNINITIALIZED_AUTOS = YES_AGGRESSIVE;
				GCC_WARN_UNUSED_FUNCTION = YES;
				GCC_WARN_UNUSED_VARIABLE = YES;
				IPHONEOS_DEPLOYMENT_TARGET = 10.0;
				MTL_ENABLE_DEBUG_INFO = YES;
				ONLY_ACTIVE_ARCH = YES;
				SDKROOT = iphoneos;
				SWIFT_ACTIVE_COMPILATION_CONDITIONS = DEBUG;
				SWIFT_OPTIMIZATION_LEVEL = "-Onone";
				TARGETED_DEVICE_FAMILY = "1,2";
			};
			name = Debug;
		};
		F1A3C9182024AB08004E8912 /* Release */ = {
			isa = XCBuildConfiguration;
			buildSettings = {
				ALWAYS_SEARCH_USER_PATHS = NO;
				CLANG_ANALYZER_NONNULL = YES;
				CLANG_CXX_LANGUAGE_STANDARD = "gnu++0x";
				CLANG_CXX_LIBRARY = "libc++";
				CLANG_ENABLE_MODULES = YES;
				CLANG_ENABLE_OBJC_ARC = YES;
				CLANG_WARN_BOOL_CONVERSION = YES;
				CLANG_WARN_CONSTANT_CONVERSION = YES;
				CLANG_WARN_DIRECT_OBJC_ISA_USAGE = YES_ERROR;
				CLANG_WARN_DOCUMENTATION_COMMENTS = YES;
				CLANG_WARN_EMPTY_BODY = YES;
				CLANG_WARN_ENUM_CONVERSION = YES;
				CLANG_WARN_INFINITE_RECURSION = YES;
				CLANG_WARN_INT_CONVERSION = YES;
				CLANG_WARN_OBJC_ROOT_CLASS = YES_ERROR;
				CLANG_WARN_SUSPICIOUS_MOVES = YES;
				CLANG_WARN_UNREACHABLE_CODE = YES;
				CLANG_WARN__DUPLICATE_METHOD_MATCH = YES;
				"CODE_SIGN_IDENTITY[sdk=iphoneos*]" = "iPhone Developer";
				COPY_PHASE_STRIP = NO;
				DEBUG_INFORMATION_FORMAT = "dwarf-with-dsym";
				ENABLE_NS_ASSERTIONS = NO;
				ENABLE_STRICT_OBJC_MSGSEND = YES;
				GCC_C_LANGUAGE_STANDARD = gnu99;
				GCC_NO_COMMON_BLOCKS = YES;
				GCC_WARN_64_TO_32_BIT_CONVERSION = YES;
				GCC_WARN_ABOUT_RETURN_TYPE = YES_ERROR;
				GCC_WARN_UNDECLARED_SELECTOR = YES;
				GCC_WARN_UNINITIALIZED_AUTOS = YES_AGGRESSIVE;
				GCC_WARN_UNUSED_FUNCTION = YES;
				GCC_WARN_UNUSED_VARIABLE = YES;
				IPHONEOS_DEPLOYMENT_TARGET = 10.0;
				MTL_ENABLE_DEBUG_INFO = NO;
				SDKROOT = iphoneos;
				SWIFT_OPTIMIZATION_LEVEL = "-Owholemodule";
				TARGETED_DEVICE_FAMILY = "1,2";
				VALIDATE_PRODUCT = YES;
			};
			name = Release;
		};
		F1A3C91A2024AB08004E8912 /* Debug */ = {
			isa = XCBuildConfiguration;
			buildSettings = {
				ASSETCATALOG_COMPILER_APPICON_NAME = AppIcon;
				DEVELOPMENT_TEAM = QM2D37J8AA;
				INFOPLIST_FILE = BullsEye/Info.plist;
				LD_RUNPATH_SEARCH_PATHS = "$(inherited) @executable_path/Frameworks";
				PRODUCT_BUNDLE_IDENTIFIER = com.henngelmojica.BullsEye;
				PRODUCT_NAME = "$(TARGET_NAME)";
				SWIFT_VERSION = 3.0;
			};
			name = Debug;
		};
		F1A3C91B2024AB08004E8912 /* Release */ = {
			isa = XCBuildConfiguration;
			buildSettings = {
				ASSETCATALOG_COMPILER_APPICON_NAME = AppIcon;
				DEVELOPMENT_TEAM = QM2D37J8AA;
				INFOPLIST_FILE = BullsEye/Info.plist;
				LD_RUNPATH_SEARCH_PATHS = "$(inherited) @executable_path/Frameworks";
				PRODUCT_BUNDLE_IDENTIFIER = com.henngelmojica.BullsEye;
				PRODUCT_NAME = "$(TARGET_NAME)";
				SWIFT_VERSION = 3.0;
			};
			name = Release;
		};
/* End XCBuildConfiguration section */

/* Begin XCConfigurationList section */
		F1A3C9022024AB07004E8912 /* Build configuration list for PBXProject "BullsEye" */ = {
			isa = XCConfigurationList;
			buildConfigurations = (
				F1A3C9172024AB08004E8912 /* Debug */,
				F1A3C9182024AB08004E8912 /* Release */,
			);
			defaultConfigurationIsVisible = 0;
			defaultConfigurationName = Release;
		};
		F1A3C9192024AB08004E8912 /* Build configuration list for PBXNativeTarget "BullsEye" */ = {
			isa = XCConfigurationList;
			buildConfigurations = (
				F1A3C91A2024AB08004E8912 /* Debug */,
				F1A3C91B2024AB08004E8912 /* Release */,
			);
			defaultConfigurationIsVisible = 0;
			defaultConfigurationName = Release;
		};
/* End XCConfigurationList section */
	};
	rootObject = F1A3C8FF2024AB07004E8912 /* Project object */;
}
